
Microsoft Visual Studio Solution File, Format Version 12.00
# Visual Studio Version 17
VisualStudioVersion = 17.14.36121.58 d17.14
MinimumVisualStudioVersion = 10.0.40219.1
Project("{FAE04EC0-301F-11D3-BF4B-00C04F79EFBC}") = "MauiAppMinhasCompras", "MauiAppMinhasCompras\MauiAppMinhasCompras.csproj", "{D347C4B0-A16C-4D7C-B910-ACE459229B97}"
EndProject
Global
	GlobalSection(SolutionConfigurationPlatforms) = preSolution
		Debug|Any CPU = Debug|Any CPU
		Release|Any CPU = Release|Any CPU
	EndGlobalSection
	GlobalSection(ProjectConfigurationPlatforms) = postSolution
		{D347C4B0-A16C-4D7C-B910-ACE459229B97}.Debug|Any CPU.ActiveCfg = Debug|Any CPU
		{D347C4B0-A16C-4D7C-B910-ACE459229B97}.Debug|Any CPU.Build.0 = Debug|Any CPU
		{D347C4B0-A16C-4D7C-B910-ACE459229B97}.Debug|Any CPU.Deploy.0 = Debug|Any CPU
		{D347C4B0-A16C-4D7C-B910-ACE459229B97}.Release|Any CPU.ActiveCfg = Release|Any CPU
		{D347C4B0-A16C-4D7C-B910-ACE459229B97}.Release|Any CPU.Build.0 = Release|Any CPU
		{D347C4B0-A16C-4D7C-B910-ACE459229B97}.Release|Any CPU.Deploy.0 = Release|Any CPU
	EndGlobalSection
	GlobalSection(SolutionProperties) = preSolution
		HideSolutionNode = FALSE
	EndGlobalSection
	GlobalSection(ExtensibilityGlobals) = postSolution
		SolutionGuid = {62055BDC-25BA-4BEF-A5A5-E2A5C81B92DD}
	EndGlobalSection
EndGlobal
